{
  "name": "baby-care-tracker",
  "version": "1.0.0",
  "lockfileVersion": 3,
  "requires": true,
  "packages": {
    "": {
      "name": "baby-care-tracker",
      "version": "1.0.0",
      "license": "MIT",
      "dependencies": {
        "dayjs": "^1.11.13",
        "tdesign-miniprogram": "^1.7.0"
      },
      "devDependencies": {
        "miniprogram-api-typings": "^3.12.0",
        "typescript": "^5.4.0"
      }
    },
    "node_modules/dayjs": {
      "version": "1.11.19",
      "resolved": "https://registry.npmjs.org/dayjs/-/dayjs-1.11.19.tgz",
      "integrity": "sha512-t5EcLVS6QPBNqM2z8fakk/NKel+Xzshgt8FFKAn+qwlD1pzZWxh0nVCrvFK7ZDb6XucZeF9z8C7CBWTRIVApAw==",
      "license": "MIT"
    },
    "node_modules/miniprogram-api-typings": {
      "version": "3.12.3",
      "resolved": "https://registry.npmjs.org/miniprogram-api-typings/-/miniprogram-api-typings-3.12.3.tgz",
      "integrity": "sha512-o7bOfrU28MEMCBWo83nXv0ROQSBFxJcfCl4f2wTYqah64ipC5RGqLJfvWJTWhlQt2ECVwspSzM8LgvnfMo7TEQ==",
      "dev": true,
      "license": "MIT"
    },
    "node_modules/tdesign-miniprogram": {
      "version": "1.12.3",
      "resolved": "https://registry.npmjs.org/tdesign-miniprogram/-/tdesign-miniprogram-1.12.3.tgz",
      "integrity": "sha512-F4nMv/ph3yyq9bO4RrJuB9x9VWyKIN6lV1HqFaV4AsR0cpDoBYtGYLPOFejvj0MYDSntSHLMVe1nm0fqsXUaUQ==",
      "license": "MIT"
    },
    "node_modules/typescript": {
      "version": "5.9.3",
      "resolved": "https://registry.npmjs.org/typescript/-/typescript-5.9.3.tgz",
      "integrity": "sha512-jl1vZzPDinLr9eUt3J/t7V6FgNEw9QjvBPdysz9KfQDD41fQrC2Y4vKQdiaUpFT4bXlb1RHhLpp8wtm6M5TgSw==",
      "dev": true,
      "license": "Apache-2.0",
      "bin": {
        "tsc": "bin/tsc",
        "tsserver": "bin/tsserver"
      },
      "engines": {
        "node": ">=14.17"
      }
    }
  }
}
